
Microsoft Visual Studio Solution File, Format Version 12.00
# Visual Studio Version 16
VisualStudioVersion = 25.0.1703.8
MinimumVisualStudioVersion = 10.0.40219.1
Project("{FAE04EC0-301F-11D3-BF4B-00C04F79EFBC}") = "CustomerAccount.API", "CustomerAccount.API.csproj", "{78BB3D99-B89C-48F5-8C20-85AD35E577A3}"
EndProject
Global
	GlobalSection(SolutionConfigurationPlatforms) = preSolution
		Debug|Any CPU = Debug|Any CPU
		Release|Any CPU = Release|Any CPU
	EndGlobalSection
	GlobalSection(ProjectConfigurationPlatforms) = postSolution
		{78BB3D99-B89C-48F5-8C20-85AD35E577A3}.Debug|Any CPU.ActiveCfg = Debug|Any CPU
		{78BB3D99-B89C-48F5-8C20-85AD35E577A3}.Debug|Any CPU.Build.0 = Debug|Any CPU
		{78BB3D99-B89C-48F5-8C20-85AD35E577A3}.Release|Any CPU.ActiveCfg = Release|Any CPU
		{78BB3D99-B89C-48F5-8C20-85AD35E577A3}.Release|Any CPU.Build.0 = Release|Any CPU
		{ED2A1382-D9A2-49F1-9A92-67E01DE6BC7B}.Debug|Any CPU.ActiveCfg = Debug|Any CPU
		{ED2A1382-D9A2-49F1-9A92-67E01DE6BC7B}.Debug|Any CPU.Build.0 = Debug|Any CPU
		{ED2A1382-D9A2-49F1-9A92-67E01DE6BC7B}.Release|Any CPU.ActiveCfg = Release|Any CPU
		{ED2A1382-D9A2-49F1-9A92-67E01DE6BC7B}.Release|Any CPU.Build.0 = Release|Any CPU
	EndGlobalSection
	GlobalSection(SolutionProperties) = preSolution
		HideSolutionNode = FALSE
	EndGlobalSection
	GlobalSection(ExtensibilityGlobals) = postSolution
		SolutionGuid = {5E385350-4CF9-4D5C-BA15-CB82C36CC696}
	EndGlobalSection
EndGlobal
